
Microsoft Visual Studio Solution File, Format Version 12.00
# Visual Studio Version 16
VisualStudioVersion = 16.0.29306.81
MinimumVisualStudioVersion = 10.0.40219.1
Project("{9A19103F-16F7-4668-BE54-9A1E7A4F7556}") = "GNB.IBM.Api", "GNB.IBM.Api.csproj", "{56EA3288-AFB9-4F70-AEE4-CDA7A88F8808}"
EndProject
Project("{2150E333-8FDC-42A3-9474-1A3956D46DE8}") = "Proxy", "Proxy", "{E894EFDC-1C08-43D1-9C5A-1D978ECA7A3C}"
EndProject
Project("{9A19103F-16F7-4668-BE54-9A1E7A4F7556}") = "GNB.IBM.HerokuApp.Proxy", "..\Proxy\GNB.IBM.HerokuApp.Proxy\GNB.IBM.HerokuApp.Proxy.csproj", "{F113D3A0-D39A-43DB-99EB-14C35B0BAFD2}"
EndProject
Project("{2150E333-8FDC-42A3-9474-1A3956D46DE8}") = "Api", "Api", "{F41FBE2C-0CAE-453D-BB91-3FAABBCC187E}"
EndProject
Global
	GlobalSection(SolutionConfigurationPlatforms) = preSolution
		Debug|Any CPU = Debug|Any CPU
		Release|Any CPU = Release|Any CPU
	EndGlobalSection
	GlobalSection(ProjectConfigurationPlatforms) = postSolution
		{56EA3288-AFB9-4F70-AEE4-CDA7A88F8808}.Debug|Any CPU.ActiveCfg = Debug|Any CPU
		{56EA3288-AFB9-4F70-AEE4-CDA7A88F8808}.Debug|Any CPU.Build.0 = Debug|Any CPU
		{56EA3288-AFB9-4F70-AEE4-CDA7A88F8808}.Release|Any CPU.ActiveCfg = Release|Any CPU
		{56EA3288-AFB9-4F70-AEE4-CDA7A88F8808}.Release|Any CPU.Build.0 = Release|Any CPU
		{F113D3A0-D39A-43DB-99EB-14C35B0BAFD2}.Debug|Any CPU.ActiveCfg = Debug|Any CPU
		{F113D3A0-D39A-43DB-99EB-14C35B0BAFD2}.Debug|Any CPU.Build.0 = Debug|Any CPU
		{F113D3A0-D39A-43DB-99EB-14C35B0BAFD2}.Release|Any CPU.ActiveCfg = Release|Any CPU
		{F113D3A0-D39A-43DB-99EB-14C35B0BAFD2}.Release|Any CPU.Build.0 = Release|Any CPU
	EndGlobalSection
	GlobalSection(SolutionProperties) = preSolution
		HideSolutionNode = FALSE
	EndGlobalSection
	GlobalSection(NestedProjects) = preSolution
		{56EA3288-AFB9-4F70-AEE4-CDA7A88F8808} = {F41FBE2C-0CAE-453D-BB91-3FAABBCC187E}
		{F113D3A0-D39A-43DB-99EB-14C35B0BAFD2} = {E894EFDC-1C08-43D1-9C5A-1D978ECA7A3C}
	EndGlobalSection
	GlobalSection(ExtensibilityGlobals) = postSolution
		SolutionGuid = {E34DBB04-803F-430F-9CBE-0CCD9097204A}
	EndGlobalSection
EndGlobal
